
Microsoft Visual Studio Solution File, Format Version 12.00
# Visual Studio Version 16
VisualStudioVersion = 16.0.30021.99
MinimumVisualStudioVersion = 10.0.40219.1
Project("{FAE04EC0-301F-11D3-BF4B-00C04F79EFBC}") = "EventApp", "EventApp.csproj", "{BE124B7E-5C0D-4E93-B0B4-46B4953D9776}"
EndProject
Global
	GlobalSection(SolutionConfigurationPlatforms) = preSolution
		Debug|Any CPU = Debug|Any CPU
		Release|Any CPU = Release|Any CPU
	EndGlobalSection
	GlobalSection(ProjectConfigurationPlatforms) = postSolution
		{BE124B7E-5C0D-4E93-B0B4-46B4953D9776}.Debug|Any CPU.ActiveCfg = Debug|Any CPU
		{BE124B7E-5C0D-4E93-B0B4-46B4953D9776}.Debug|Any CPU.Build.0 = Debug|Any CPU
		{BE124B7E-5C0D-4E93-B0B4-46B4953D9776}.Release|Any CPU.ActiveCfg = Release|Any CPU
		{BE124B7E-5C0D-4E93-B0B4-46B4953D9776}.Release|Any CPU.Build.0 = Release|Any CPU
	EndGlobalSection
	GlobalSection(SolutionProperties) = preSolution
		HideSolutionNode = FALSE
	EndGlobalSection
	GlobalSection(ExtensibilityGlobals) = postSolution
		SolutionGuid = {88E1E639-AD05-4235-9C2F-790674D0CFD9}
	EndGlobalSection
EndGlobal
